
Microsoft Visual Studio Solution File, Format Version 12.00
# Visual Studio 15
VisualStudioVersion = 15.0.28010.2036
MinimumVisualStudioVersion = 10.0.40219.1
Project("{6EC3EE1D-3C4E-46DD-8F32-0CC8E7565705}") = "FSharpCosmosFunc", "FSharpCosmosFunc.fsproj", "{938ABA1B-AA0C-43AD-90F3-6F03C7D40E94}"
EndProject
Global
	GlobalSection(SolutionConfigurationPlatforms) = preSolution
		Debug|Any CPU = Debug|Any CPU
		Release|Any CPU = Release|Any CPU
	EndGlobalSection
	GlobalSection(ProjectConfigurationPlatforms) = postSolution
		{938ABA1B-AA0C-43AD-90F3-6F03C7D40E94}.Debug|Any CPU.ActiveCfg = Debug|Any CPU
		{938ABA1B-AA0C-43AD-90F3-6F03C7D40E94}.Debug|Any CPU.Build.0 = Debug|Any CPU
		{938ABA1B-AA0C-43AD-90F3-6F03C7D40E94}.Release|Any CPU.ActiveCfg = Release|Any CPU
		{938ABA1B-AA0C-43AD-90F3-6F03C7D40E94}.Release|Any CPU.Build.0 = Release|Any CPU
	EndGlobalSection
	GlobalSection(SolutionProperties) = preSolution
		HideSolutionNode = FALSE
	EndGlobalSection
	GlobalSection(ExtensibilityGlobals) = postSolution
		SolutionGuid = {DD2AFE96-D581-42C4-A699-09A113C90353}
	EndGlobalSection
EndGlobal
